
Microsoft Visual Studio Solution File, Format Version 12.00
# Visual Studio Version 16
VisualStudioVersion = 16.0.31205.134
MinimumVisualStudioVersion = 10.0.40219.1
Project("{FAE04EC0-301F-11D3-BF4B-00C04F79EFBC}") = "Heap Sort", "Heap Sort\Heap Sort.csproj", "{DEEA206F-E54A-4B96-9019-26EB573EA74B}"
EndProject
Global
	GlobalSection(SolutionConfigurationPlatforms) = preSolution
		Debug|Any CPU = Debug|Any CPU
		Release|Any CPU = Release|Any CPU
	EndGlobalSection
	GlobalSection(ProjectConfigurationPlatforms) = postSolution
		{DEEA206F-E54A-4B96-9019-26EB573EA74B}.Debug|Any CPU.ActiveCfg = Debug|Any CPU
		{DEEA206F-E54A-4B96-9019-26EB573EA74B}.Debug|Any CPU.Build.0 = Debug|Any CPU
		{DEEA206F-E54A-4B96-9019-26EB573EA74B}.Release|Any CPU.ActiveCfg = Release|Any CPU
		{DEEA206F-E54A-4B96-9019-26EB573EA74B}.Release|Any CPU.Build.0 = Release|Any CPU
	EndGlobalSection
	GlobalSection(SolutionProperties) = preSolution
		HideSolutionNode = FALSE
	EndGlobalSection
	GlobalSection(ExtensibilityGlobals) = postSolution
		SolutionGuid = {D92BC90E-E739-41D3-80B8-343D8A1A31BB}
	EndGlobalSection
EndGlobal
