
Microsoft Visual Studio Solution File, Format Version 12.00
# Visual Studio Version 16
VisualStudioVersion = 16.0.31205.134
MinimumVisualStudioVersion = 10.0.40219.1
Project("{FAE04EC0-301F-11D3-BF4B-00C04F79EFBC}") = "01-Knapsack", "DP\01-Knapsack.csproj", "{3CAF7D17-A5B7-40FB-A0D8-2061861EC8C8}"
EndProject
Project("{FAE04EC0-301F-11D3-BF4B-00C04F79EFBC}") = "02-Longest common substring", "Longest common substring\02-Longest common substring.csproj", "{CD8DF1D4-F33E-4DE1-AD3D-A323BF57F3DE}"
EndProject
Project("{FAE04EC0-301F-11D3-BF4B-00C04F79EFBC}") = "03-Longest common subsequence", "Longest common subsequence\03-Longest common subsequence.csproj", "{FD106C8A-2BA9-4687-99AB-A95CA1910647}"
EndProject
Global
	GlobalSection(SolutionConfigurationPlatforms) = preSolution
		Debug|Any CPU = Debug|Any CPU
		Release|Any CPU = Release|Any CPU
	EndGlobalSection
	GlobalSection(ProjectConfigurationPlatforms) = postSolution
		{3CAF7D17-A5B7-40FB-A0D8-2061861EC8C8}.Debug|Any CPU.ActiveCfg = Debug|Any CPU
		{3CAF7D17-A5B7-40FB-A0D8-2061861EC8C8}.Debug|Any CPU.Build.0 = Debug|Any CPU
		{3CAF7D17-A5B7-40FB-A0D8-2061861EC8C8}.Release|Any CPU.ActiveCfg = Release|Any CPU
		{3CAF7D17-A5B7-40FB-A0D8-2061861EC8C8}.Release|Any CPU.Build.0 = Release|Any CPU
		{CD8DF1D4-F33E-4DE1-AD3D-A323BF57F3DE}.Debug|Any CPU.ActiveCfg = Debug|Any CPU
		{CD8DF1D4-F33E-4DE1-AD3D-A323BF57F3DE}.Debug|Any CPU.Build.0 = Debug|Any CPU
		{CD8DF1D4-F33E-4DE1-AD3D-A323BF57F3DE}.Release|Any CPU.ActiveCfg = Release|Any CPU
		{CD8DF1D4-F33E-4DE1-AD3D-A323BF57F3DE}.Release|Any CPU.Build.0 = Release|Any CPU
		{FD106C8A-2BA9-4687-99AB-A95CA1910647}.Debug|Any CPU.ActiveCfg = Debug|Any CPU
		{FD106C8A-2BA9-4687-99AB-A95CA1910647}.Debug|Any CPU.Build.0 = Debug|Any CPU
		{FD106C8A-2BA9-4687-99AB-A95CA1910647}.Release|Any CPU.ActiveCfg = Release|Any CPU
		{FD106C8A-2BA9-4687-99AB-A95CA1910647}.Release|Any CPU.Build.0 = Release|Any CPU
	EndGlobalSection
	GlobalSection(SolutionProperties) = preSolution
		HideSolutionNode = FALSE
	EndGlobalSection
	GlobalSection(ExtensibilityGlobals) = postSolution
		SolutionGuid = {56323A1F-1D9E-45E0-8D9F-6DC2337DC525}
	EndGlobalSection
EndGlobal
