
Microsoft Visual Studio Solution File, Format Version 12.00
# Visual Studio Version 16
VisualStudioVersion = 16.0.31205.134
MinimumVisualStudioVersion = 10.0.40219.1
Project("{FAE04EC0-301F-11D3-BF4B-00C04F79EFBC}") = "HashTable", "HashTable\HashTable.csproj", "{9DCE03FA-9A96-46E7-A88E-51BB0ECB99A7}"
EndProject
Global
	GlobalSection(SolutionConfigurationPlatforms) = preSolution
		Debug|Any CPU = Debug|Any CPU
		Release|Any CPU = Release|Any CPU
	EndGlobalSection
	GlobalSection(ProjectConfigurationPlatforms) = postSolution
		{9DCE03FA-9A96-46E7-A88E-51BB0ECB99A7}.Debug|Any CPU.ActiveCfg = Debug|Any CPU
		{9DCE03FA-9A96-46E7-A88E-51BB0ECB99A7}.Debug|Any CPU.Build.0 = Debug|Any CPU
		{9DCE03FA-9A96-46E7-A88E-51BB0ECB99A7}.Release|Any CPU.ActiveCfg = Release|Any CPU
		{9DCE03FA-9A96-46E7-A88E-51BB0ECB99A7}.Release|Any CPU.Build.0 = Release|Any CPU
	EndGlobalSection
	GlobalSection(SolutionProperties) = preSolution
		HideSolutionNode = FALSE
	EndGlobalSection
	GlobalSection(ExtensibilityGlobals) = postSolution
		SolutionGuid = {293CD077-8971-4905-9127-835A7E4383F7}
	EndGlobalSection
EndGlobal
